
Microsoft Visual Studio Solution File, Format Version 12.00
# Visual Studio Version 17
VisualStudioVersion = 17.11.35219.272
MinimumVisualStudioVersion = 10.0.40219.1
Project("{FAE04EC0-301F-11D3-BF4B-00C04F79EFBC}") = "EzKeyz", "EzKeyz\EzKeyz.csproj", "{F076C742-21CA-412E-9B0B-8783958CF340}"
EndProject
Global
	GlobalSection(SolutionConfigurationPlatforms) = preSolution
		Debug|Any CPU = Debug|Any CPU
		Release|Any CPU = Release|Any CPU
	EndGlobalSection
	GlobalSection(ProjectConfigurationPlatforms) = postSolution
		{F076C742-21CA-412E-9B0B-8783958CF340}.Debug|Any CPU.ActiveCfg = Debug|Any CPU
		{F076C742-21CA-412E-9B0B-8783958CF340}.Debug|Any CPU.Build.0 = Debug|Any CPU
		{F076C742-21CA-412E-9B0B-8783958CF340}.Release|Any CPU.ActiveCfg = Release|Any CPU
		{F076C742-21CA-412E-9B0B-8783958CF340}.Release|Any CPU.Build.0 = Release|Any CPU
	EndGlobalSection
	GlobalSection(SolutionProperties) = preSolution
		HideSolutionNode = FALSE
	EndGlobalSection
	GlobalSection(ExtensibilityGlobals) = postSolution
		SolutionGuid = {5BEBE4AC-0746-4A9E-B9AF-A40D6DD4231B}
	EndGlobalSection
EndGlobal
